# THIS IS AN AUTOGENERATED FILE. DO NOT EDIT THIS FILE DIRECTLY.
# yarn lockfile v1


atoa@1.0.0:
  version "1.0.0"
  resolved "https://registry.yarnpkg.com/atoa/-/atoa-1.0.0.tgz#0cc0e91a480e738f923ebc103676471779b34a49"
  integrity sha1-DMDpGkgOc4+SPrwQNnZHF3mzSkk=

bootstrap-multiselect@^0.9.13-1:
  version "0.9.13-1"
  resolved "https://registry.yarnpkg.com/bootstrap-multiselect/-/bootstrap-multiselect-0.9.13-1.tgz#2c57cee260b18d7f01a4edd9d65f25df0425fd2a"
  integrity sha1-LFfO4mCxjX8BpO3Z1l8l3wQl/So=

bootstrap@^3.3:
  version "3.4.1"
  resolved "https://registry.yarnpkg.com/bootstrap/-/bootstrap-3.4.1.tgz#c3a347d419e289ad11f4033e3c4132b87c081d72"
  integrity sha512-yN5oZVmRCwe5aKwzRj6736nSmKDX7pLYwsXiCj/EYmo16hODaBiT4En5btW/jhBF/seV+XMx3aYwukYC3A49DA==

bootswatch@3.4.1:
  version "3.4.1"
  resolved "https://registry.yarnpkg.com/bootswatch/-/bootswatch-3.4.1.tgz#50aed16fb04ec791c3dd8831515c29d4a757fdb9"
  integrity sha512-0hL4A8OUiqABgPipGrojf/hyhr5RS257xCNARlbK34HaMfhV5fXvwEooN4/ri9+jgX47J4Wg24ZPmfZ2xD2cKw==

codemirror@^5.47.0:
  version "5.49.0"
  resolved "https://registry.yarnpkg.com/codemirror/-/codemirror-5.49.0.tgz#adedbffcc81091e4a0334bcb96b1ae3b7ada5e3f"
  integrity sha512-Hyzr0HToBdZpLBN9dYFO/KlJAsKH37/cXVHPAqa+imml0R92tb9AkmsvjnXL+SluEvjjdfkDgRjc65NG5jnMYA==

contra@1.9.4:
  version "1.9.4"
  resolved "https://registry.yarnpkg.com/contra/-/contra-1.9.4.tgz#f53bde42d7e5b5985cae4d99a8d610526de8f28d"
  integrity sha1-9TveQtfltZhcrk2ZqNYQUm3o8o0=
  dependencies:
    atoa "1.0.0"
    ticky "1.0.1"

crossvent@1.5.4:
  version "1.5.4"
  resolved "https://registry.yarnpkg.com/crossvent/-/crossvent-1.5.4.tgz#da2c4f8f40c94782517bf2beec1044148194ab92"
  integrity sha1-2ixPj0DJR4JRe/K+7BBEFIGUq5I=
  dependencies:
    custom-event "1.0.0"

custom-event@1.0.0:
  version "1.0.0"
  resolved "https://registry.yarnpkg.com/custom-event/-/custom-event-1.0.0.tgz#2e4628be19dc4b214b5c02630c5971e811618062"
  integrity sha1-LkYovhncSyFLXAJjDFlx6BFhgGI=

dragula@^3.7.2:
  version "3.7.2"
  resolved "https://registry.yarnpkg.com/dragula/-/dragula-3.7.2.tgz#4a35c9d3981ffac1a949c29ca7285058e87393ce"
  integrity sha1-SjXJ05gf+sGpScKcpyhQWOhzk84=
  dependencies:
    contra "1.9.4"
    crossvent "1.5.4"

eonasdan-bootstrap-datetimepicker@^4.17.47:
  version "4.17.47"
  resolved "https://registry.yarnpkg.com/eonasdan-bootstrap-datetimepicker/-/eonasdan-bootstrap-datetimepicker-4.17.47.tgz#7a49970044065276e7965efd16f822735219e735"
  integrity sha1-ekmXAEQGUnbnll79Fvgic1IZ5zU=
  dependencies:
    bootstrap "^3.3"
    jquery "^1.8.3 || ^2.0 || ^3.0"
    moment "^2.10"
    moment-timezone "^0.4.0"

fullcalendar@^3.10.0:
  version "3.10.1"
  resolved "https://registry.yarnpkg.com/fullcalendar/-/fullcalendar-3.10.1.tgz#cca3f9a2656a7e978a3f3facb7f35934a91185db"
  integrity sha512-E0ioaHVmwdS4es8pNTUNva7505wPkUMFdn9JGFLYo+J12ARhN3zDBwoPj2DfB8rL7Yc1sSve+FqDHC3s2SZ7Fw==

jquery@>=1.9.0, "jquery@^1.8.3 || ^2.0 || ^3.0", jquery@^3.4.1:
  version "3.4.1"
  resolved "https://registry.yarnpkg.com/jquery/-/jquery-3.4.1.tgz#714f1f8d9dde4bdfa55764ba37ef214630d80ef2"
  integrity sha512-36+AdBzCL+y6qjw5Tx7HgzeGCzC81MDDgaUP8ld2zhx58HdqXGoBd+tHdrBMiyjGQs0Hxs/MLZTu/eHNJJuWPw==

moment-timezone@^0.4.0:
  version "0.4.1"
  resolved "https://registry.yarnpkg.com/moment-timezone/-/moment-timezone-0.4.1.tgz#81f598c3ad5e22cdad796b67ecd8d88d0f5baa06"
  integrity sha1-gfWYw61eIs2teWtn7NjYjQ9bqgY=
  dependencies:
    moment ">= 2.6.0"

moment@2.20.1:
  version "2.20.1"
  resolved "https://registry.yarnpkg.com/moment/-/moment-2.20.1.tgz#d6eb1a46cbcc14a2b2f9434112c1ff8907f313fd"
  integrity sha512-Yh9y73JRljxW5QxN08Fner68eFLxM5ynNOAw2LbIB1YAGeQzZT8QFSUvkAz609Zf+IHhhaUxqZK8dG3W/+HEvg==

"moment@>= 2.6.0", moment@^2.10:
  version "2.24.0"
  resolved "https://registry.yarnpkg.com/moment/-/moment-2.24.0.tgz#0d055d53f5052aa653c9f6eb68bb5d12bf5c2b5b"
  integrity sha512-bV7f+6l2QigeBBZSM/6yTNq4P2fNpSWj/0e7jQcy87A8e7o2nAfP/34/2ky5Vw4B9S446EtIhodAzkFCcR4dQg==

pivottable@^2.23.0:
  version "2.23.0"
  resolved "https://registry.yarnpkg.com/pivottable/-/pivottable-2.23.0.tgz#cc2cf1f680438d7b0a054471cb7640f1cb99f739"
  integrity sha512-6WRaiiI0mU5JxzNMWbtf3vfrBvBhBPIUbwu2Q7Nv7fVCxIvlmFqXSldMwmHAsiEFwdZdUrpQHqIu+N3jZUezyg==
  dependencies:
    jquery ">=1.9.0"

rails-ujs@^5.2.3:
  version "5.2.3"
  resolved "https://registry.yarnpkg.com/rails-ujs/-/rails-ujs-5.2.3.tgz#4b65ea781a6befe62e96da6362165286a1fe4099"
  integrity sha512-rYgj185MowWFBJI1wdac2FkX4yFYe4+3jJPlB+CTY7a4rmIyg0TqE4vYZmSBBesp7blPUa57oqKzwQjN7eVbEQ==

summernote@^0.8.12:
  version "0.8.12"
  resolved "https://registry.yarnpkg.com/summernote/-/summernote-0.8.12.tgz#563502ed882abde9daab9db1e7eba330d37ac020"
  integrity sha512-RVEJoIyztwPpopTwZvjag1WOvbmhUGFe6Mc9RADzzcX1ogG8pIXCB88icu/vjNYihITrzj2zZsoFMcDRHSlhEA==

ticky@1.0.1:
  version "1.0.1"
  resolved "https://registry.yarnpkg.com/ticky/-/ticky-1.0.1.tgz#b7cfa71e768f1c9000c497b9151b30947c50e46d"
  integrity sha1-t8+nHnaPHJAAxJe5FRswlHxQ5G0=
